// !$*UTF8*$!
{
	archiveVersion = 1;
	classes = {
	};
	objectVersion = 56;
	objects = {

/* Begin PBXBuildFile section */
		1B13F4E72A6975D60006F3F0 /* AppDelegate.swift in Sources */ = {isa = PBXBuildFile; fileRef = 1B13F4E62A6975D60006F3F0 /* AppDelegate.swift */; };
		1B13F4E92A6975D60006F3F0 /* SceneDelegate.swift in Sources */ = {isa = PBXBuildFile; fileRef = 1B13F4E82A6975D60006F3F0 /* SceneDelegate.swift */; };
		1B13F4EB2A6975D60006F3F0 /* SplashViewController.swift in Sources */ = {isa = PBXBuildFile; fileRef = 1B13F4EA2A6975D60006F3F0 /* SplashViewController.swift */; };
		1B13F4EE2A6975D60006F3F0 /* Main.storyboard in Resources */ = {isa = PBXBuildFile; fileRef = 1B13F4EC2A6975D60006F3F0 /* Main.storyboard */; };
		1B13F4F02A6975D70006F3F0 /* Assets.xcassets in Resources */ = {isa = PBXBuildFile; fileRef = 1B13F4EF2A6975D70006F3F0 /* Assets.xcassets */; };
		1B13F4F32A6975D70006F3F0 /* LaunchScreen.storyboard in Resources */ = {isa = PBXBuildFile; fileRef = 1B13F4F12A6975D70006F3F0 /* LaunchScreen.storyboard */; };
		1B13F4FE2A6975D70006F3F0 /* SearchyTests.swift in Sources */ = {isa = PBXBuildFile; fileRef = 1B13F4FD2A6975D70006F3F0 /* SearchyTests.swift */; };
		1B13F5082A6975D70006F3F0 /* SearchyUITests.swift in Sources */ = {isa = PBXBuildFile; fileRef = 1B13F5072A6975D70006F3F0 /* SearchyUITests.swift */; };
		1B13F50A2A6975D70006F3F0 /* SearchyUITestsLaunchTests.swift in Sources */ = {isa = PBXBuildFile; fileRef = 1B13F5092A6975D70006F3F0 /* SearchyUITestsLaunchTests.swift */; };
		1B13F5212A6977A60006F3F0 /* GoogleService-Info.plist in Resources */ = {isa = PBXBuildFile; fileRef = 1B13F5202A6977A60006F3F0 /* GoogleService-Info.plist */; };
		1B13F5272A697AFD0006F3F0 /* .swiftlint.yml in Resources */ = {isa = PBXBuildFile; fileRef = 1B13F5262A697AFD0006F3F0 /* .swiftlint.yml */; };
		1B13F52E2A697DA70006F3F0 /* NetworkReachability.swift in Sources */ = {isa = PBXBuildFile; fileRef = 1B13F52D2A697DA70006F3F0 /* NetworkReachability.swift */; };
		1B13F5322A6981890006F3F0 /* GoogleService-RemoteConfigDefaults.plist in Resources */ = {isa = PBXBuildFile; fileRef = 1B13F5312A6981890006F3F0 /* GoogleService-RemoteConfigDefaults.plist */; };
		1B13F5342A6982480006F3F0 /* Constants.swift in Sources */ = {isa = PBXBuildFile; fileRef = 1B13F5332A6982480006F3F0 /* Constants.swift */; };
		1B13F5382A698A1F0006F3F0 /* SearchViewController.swift in Sources */ = {isa = PBXBuildFile; fileRef = 1B13F5372A698A1F0006F3F0 /* SearchViewController.swift */; };
		1B13F53B2A698BFD0006F3F0 /* SplashViewModel.swift in Sources */ = {isa = PBXBuildFile; fileRef = 1B13F53A2A698BFD0006F3F0 /* SplashViewModel.swift */; };
		1B13F53E2A69EE750006F3F0 /* BaseViewControllerProtocol.swift in Sources */ = {isa = PBXBuildFile; fileRef = 1B13F53D2A69EE750006F3F0 /* BaseViewControllerProtocol.swift */; };
		1B13F5402A69EECE0006F3F0 /* BaseViewModelProtocol.swift in Sources */ = {isa = PBXBuildFile; fileRef = 1B13F53F2A69EECE0006F3F0 /* BaseViewModelProtocol.swift */; };
		1B13F5432A69FBCB0006F3F0 /* GeneralBrandView.swift in Sources */ = {isa = PBXBuildFile; fileRef = 1B13F5422A69FBCB0006F3F0 /* GeneralBrandView.swift */; };
		1B13F5452A6A03320006F3F0 /* BaseRouter.swift in Sources */ = {isa = PBXBuildFile; fileRef = 1B13F5442A6A03320006F3F0 /* BaseRouter.swift */; };
		1B13F5482A6A06C10006F3F0 /* SplashRouter.swift in Sources */ = {isa = PBXBuildFile; fileRef = 1B13F5472A6A06C10006F3F0 /* SplashRouter.swift */; };
		1B13F54B2A6A080A0006F3F0 /* SearchViewModel.swift in Sources */ = {isa = PBXBuildFile; fileRef = 1B13F54A2A6A080A0006F3F0 /* SearchViewModel.swift */; };
		1B13F54E2A6A08560006F3F0 /* SearchRouter.swift in Sources */ = {isa = PBXBuildFile; fileRef = 1B13F54D2A6A08560006F3F0 /* SearchRouter.swift */; };
		1B13F5542A6A09F60006F3F0 /* DetailViewController.swift in Sources */ = {isa = PBXBuildFile; fileRef = 1B13F5532A6A09F60006F3F0 /* DetailViewController.swift */; };
		1B13F5562A6A09FF0006F3F0 /* DetailViewModel.swift in Sources */ = {isa = PBXBuildFile; fileRef = 1B13F5552A6A09FF0006F3F0 /* DetailViewModel.swift */; };
		1B13F5582A6A0A060006F3F0 /* DetailRouter.swift in Sources */ = {isa = PBXBuildFile; fileRef = 1B13F5572A6A0A060006F3F0 /* DetailRouter.swift */; };
		1B13F55A2A6AEAEE0006F3F0 /* UIApplication+Extension.swift in Sources */ = {isa = PBXBuildFile; fileRef = 1B13F5592A6AEAEE0006F3F0 /* UIApplication+Extension.swift */; };
		1B13F55D2A6B33D10006F3F0 /* SearchModel.swift in Sources */ = {isa = PBXBuildFile; fileRef = 1B13F55C2A6B33D10006F3F0 /* SearchModel.swift */; };
		1B13F55F2A6B35AE0006F3F0 /* BaseCellViewModelProtocol.swift in Sources */ = {isa = PBXBuildFile; fileRef = 1B13F55E2A6B35AE0006F3F0 /* BaseCellViewModelProtocol.swift */; };
		1B13F5612A6B36C50006F3F0 /* BaseCollectionViewCellProtocol.swift in Sources */ = {isa = PBXBuildFile; fileRef = 1B13F5602A6B36C50006F3F0 /* BaseCollectionViewCellProtocol.swift */; };
		1B13F5642A6B3B490006F3F0 /* SearchNetworkManager.swift in Sources */ = {isa = PBXBuildFile; fileRef = 1B13F5632A6B3B490006F3F0 /* SearchNetworkManager.swift */; };
		1B13F56A2A6C15030006F3F0 /* SearchResultCellViewModel.swift in Sources */ = {isa = PBXBuildFile; fileRef = 1B13F5692A6C15030006F3F0 /* SearchResultCellViewModel.swift */; };
		1B13F5702A6C16640006F3F0 /* SearchResultCell.swift in Sources */ = {isa = PBXBuildFile; fileRef = 1B13F56E2A6C16640006F3F0 /* SearchResultCell.swift */; };
		1B13F5712A6C16640006F3F0 /* SearchResultCell.xib in Resources */ = {isa = PBXBuildFile; fileRef = 1B13F56F2A6C16640006F3F0 /* SearchResultCell.xib */; };
		1B16E24B2A6D8CEA002B1A3D /* notification.apns in Resources */ = {isa = PBXBuildFile; fileRef = 1B16E24A2A6D8CEA002B1A3D /* notification.apns */; };
		1B16E24D2A6DC634002B1A3D /* CollectionViewCellTypable.swift in Sources */ = {isa = PBXBuildFile; fileRef = 1B16E24C2A6DC634002B1A3D /* CollectionViewCellTypable.swift */; };
		1B16E24F2A6DC645002B1A3D /* CollectionViewModelable.swift in Sources */ = {isa = PBXBuildFile; fileRef = 1B16E24E2A6DC645002B1A3D /* CollectionViewModelable.swift */; };
		1B258B9E2AB5F526001F45A1 /* Alamofire in Frameworks */ = {isa = PBXBuildFile; productRef = 1B258B9D2AB5F526001F45A1 /* Alamofire */; };
		1B258BA12AB5F5ED001F45A1 /* Nuke in Frameworks */ = {isa = PBXBuildFile; productRef = 1B258BA02AB5F5ED001F45A1 /* Nuke */; };
		1B258BA32AB5F5ED001F45A1 /* NukeExtensions in Frameworks */ = {isa = PBXBuildFile; productRef = 1B258BA22AB5F5ED001F45A1 /* NukeExtensions */; };
		1B258BA52AB5F5ED001F45A1 /* NukeUI in Frameworks */ = {isa = PBXBuildFile; productRef = 1B258BA42AB5F5ED001F45A1 /* NukeUI */; };
		1B258BA72AB5F5ED001F45A1 /* NukeVideo in Frameworks */ = {isa = PBXBuildFile; productRef = 1B258BA62AB5F5ED001F45A1 /* NukeVideo */; };
		1B258BAA2AB5F6A9001F45A1 /* FirebaseAnalyticsSwift in Frameworks */ = {isa = PBXBuildFile; productRef = 1B258BA92AB5F6A9001F45A1 /* FirebaseAnalyticsSwift */; };
		1B258BAC2AB5F6A9001F45A1 /* FirebaseCrashlytics in Frameworks */ = {isa = PBXBuildFile; productRef = 1B258BAB2AB5F6A9001F45A1 /* FirebaseCrashlytics */; };
		1B258BAE2AB5F6A9001F45A1 /* FirebaseMessaging in Frameworks */ = {isa = PBXBuildFile; productRef = 1B258BAD2AB5F6A9001F45A1 /* FirebaseMessaging */; };
		1B258BB02AB5F6A9001F45A1 /* FirebasePerformance in Frameworks */ = {isa = PBXBuildFile; productRef = 1B258BAF2AB5F6A9001F45A1 /* FirebasePerformance */; };
		1B258BB22AB5F6A9001F45A1 /* FirebaseRemoteConfigSwift in Frameworks */ = {isa = PBXBuildFile; productRef = 1B258BB12AB5F6A9001F45A1 /* FirebaseRemoteConfigSwift */; };
		1BEEAB152A6C5CAD00ED2E39 /* BrandedTitleView.swift in Sources */ = {isa = PBXBuildFile; fileRef = 1BEEAB142A6C5CAD00ED2E39 /* BrandedTitleView.swift */; };
		1BEEAB182A6C63AD00ED2E39 /* SearchEmptyCell.swift in Sources */ = {isa = PBXBuildFile; fileRef = 1BEEAB162A6C63AC00ED2E39 /* SearchEmptyCell.swift */; };
		1BEEAB192A6C63AD00ED2E39 /* SearchEmptyCell.xib in Resources */ = {isa = PBXBuildFile; fileRef = 1BEEAB172A6C63AC00ED2E39 /* SearchEmptyCell.xib */; };
		1BEEAB1B2A6C63CE00ED2E39 /* SearchEmptyCellViewModel.swift in Sources */ = {isa = PBXBuildFile; fileRef = 1BEEAB1A2A6C63CE00ED2E39 /* SearchEmptyCellViewModel.swift */; };
		1BEEAB1E2A6C967E00ED2E39 /* SearchLoadingCell.swift in Sources */ = {isa = PBXBuildFile; fileRef = 1BEEAB1C2A6C967E00ED2E39 /* SearchLoadingCell.swift */; };
		1BEEAB1F2A6C967E00ED2E39 /* SearchLoadingCell.xib in Resources */ = {isa = PBXBuildFile; fileRef = 1BEEAB1D2A6C967E00ED2E39 /* SearchLoadingCell.xib */; };
		1BEEAB212A6C97CF00ED2E39 /* SearchLoadingCellViewModel.swift in Sources */ = {isa = PBXBuildFile; fileRef = 1BEEAB202A6C97CF00ED2E39 /* SearchLoadingCellViewModel.swift */; };
		1BEEAB242A6D4F3B00ED2E39 /* DetailModel.swift in Sources */ = {isa = PBXBuildFile; fileRef = 1BEEAB232A6D4F3B00ED2E39 /* DetailModel.swift */; };
		1BEEAB272A6D4F7600ED2E39 /* DetailNetworkManager.swift in Sources */ = {isa = PBXBuildFile; fileRef = 1BEEAB262A6D4F7600ED2E39 /* DetailNetworkManager.swift */; };
		1BF3E3CC2A71047A00978AE3 /* DetailViewModelTests.swift in Sources */ = {isa = PBXBuildFile; fileRef = 1BF3E3CB2A71047A00978AE3 /* DetailViewModelTests.swift */; };
		1BF3E3CF2A710A6E00978AE3 /* DetailViewControllerTests.swift in Sources */ = {isa = PBXBuildFile; fileRef = 1BF3E3CE2A710A6E00978AE3 /* DetailViewControllerTests.swift */; };
		1BF3E3D22A710ECC00978AE3 /* SearchViewControllerTests.swift in Sources */ = {isa = PBXBuildFile; fileRef = 1BF3E3D12A710ECC00978AE3 /* SearchViewControllerTests.swift */; };
		1BF3E3D42A71103700978AE3 /* SearchViewModelTests.swift in Sources */ = {isa = PBXBuildFile; fileRef = 1BF3E3D32A71103700978AE3 /* SearchViewModelTests.swift */; };
/* End PBXBuildFile section */

/* Begin PBXContainerItemProxy section */
		1B13F4FA2A6975D70006F3F0 /* PBXContainerItemProxy */ = {
			isa = PBXContainerItemProxy;
			containerPortal = 1B13F4DB2A6975D60006F3F0 /* Project object */;
			proxyType = 1;
			remoteGlobalIDString = 1B13F4E22A6975D60006F3F0;
			remoteInfo = Searchy;
		};
		1B13F5042A6975D70006F3F0 /* PBXContainerItemProxy */ = {
			isa = PBXContainerItemProxy;
			containerPortal = 1B13F4DB2A6975D60006F3F0 /* Project object */;
			proxyType = 1;
			remoteGlobalIDString = 1B13F4E22A6975D60006F3F0;
			remoteInfo = Searchy;
		};
/* End PBXContainerItemProxy section */

/* Begin PBXFileReference section */
		1B13F4E32A6975D60006F3F0 /* Searchy.app */ = {isa = PBXFileReference; explicitFileType = wrapper.application; includeInIndex = 0; path = Searchy.app; sourceTree = BUILT_PRODUCTS_DIR; };
		1B13F4E62A6975D60006F3F0 /* AppDelegate.swift */ = {isa = PBXFileReference; lastKnownFileType = sourcecode.swift; path = AppDelegate.swift; sourceTree = "<group>"; };
		1B13F4E82A6975D60006F3F0 /* SceneDelegate.swift */ = {isa = PBXFileReference; lastKnownFileType = sourcecode.swift; path = SceneDelegate.swift; sourceTree = "<group>"; };
		1B13F4EA2A6975D60006F3F0 /* SplashViewController.swift */ = {isa = PBXFileReference; lastKnownFileType = sourcecode.swift; path = SplashViewController.swift; sourceTree = "<group>"; };
		1B13F4ED2A6975D60006F3F0 /* Base */ = {isa = PBXFileReference; lastKnownFileType = file.storyboard; name = Base; path = Base.lproj/Main.storyboard; sourceTree = "<group>"; };
		1B13F4EF2A6975D70006F3F0 /* Assets.xcassets */ = {isa = PBXFileReference; lastKnownFileType = folder.assetcatalog; path = Assets.xcassets; sourceTree = "<group>"; };
		1B13F4F22A6975D70006F3F0 /* Base */ = {isa = PBXFileReference; lastKnownFileType = file.storyboard; name = Base; path = Base.lproj/LaunchScreen.storyboard; sourceTree = "<group>"; };
		1B13F4F42A6975D70006F3F0 /* Info.plist */ = {isa = PBXFileReference; lastKnownFileType = text.plist.xml; path = Info.plist; sourceTree = "<group>"; };
		1B13F4F92A6975D70006F3F0 /* SearchyTests.xctest */ = {isa = PBXFileReference; explicitFileType = wrapper.cfbundle; includeInIndex = 0; path = SearchyTests.xctest; sourceTree = BUILT_PRODUCTS_DIR; };
		1B13F4FD2A6975D70006F3F0 /* SearchyTests.swift */ = {isa = PBXFileReference; lastKnownFileType = sourcecode.swift; path = SearchyTests.swift; sourceTree = "<group>"; };
		1B13F5032A6975D70006F3F0 /* SearchyUITests.xctest */ = {isa = PBXFileReference; explicitFileType = wrapper.cfbundle; includeInIndex = 0; path = SearchyUITests.xctest; sourceTree = BUILT_PRODUCTS_DIR; };
		1B13F5072A6975D70006F3F0 /* SearchyUITests.swift */ = {isa = PBXFileReference; lastKnownFileType = sourcecode.swift; path = SearchyUITests.swift; sourceTree = "<group>"; };
		1B13F5092A6975D70006F3F0 /* SearchyUITestsLaunchTests.swift */ = {isa = PBXFileReference; lastKnownFileType = sourcecode.swift; path = SearchyUITestsLaunchTests.swift; sourceTree = "<group>"; };
		1B13F5202A6977A60006F3F0 /* GoogleService-Info.plist */ = {isa = PBXFileReference; fileEncoding = 4; lastKnownFileType = text.plist.xml; path = "GoogleService-Info.plist"; sourceTree = "<group>"; };
		1B13F5262A697AFD0006F3F0 /* .swiftlint.yml */ = {isa = PBXFileReference; lastKnownFileType = text.yaml; path = .swiftlint.yml; sourceTree = "<group>"; };
		1B13F52D2A697DA70006F3F0 /* NetworkReachability.swift */ = {isa = PBXFileReference; lastKnownFileType = sourcecode.swift; path = NetworkReachability.swift; sourceTree = "<group>"; };
		1B13F5312A6981890006F3F0 /* GoogleService-RemoteConfigDefaults.plist */ = {isa = PBXFileReference; fileEncoding = 4; lastKnownFileType = text.plist.xml; path = "GoogleService-RemoteConfigDefaults.plist"; sourceTree = "<group>"; };
		1B13F5332A6982480006F3F0 /* Constants.swift */ = {isa = PBXFileReference; lastKnownFileType = sourcecode.swift; path = Constants.swift; sourceTree = "<group>"; };
		1B13F5372A698A1F0006F3F0 /* SearchViewController.swift */ = {isa = PBXFileReference; lastKnownFileType = sourcecode.swift; path = SearchViewController.swift; sourceTree = "<group>"; };
		1B13F53A2A698BFD0006F3F0 /* SplashViewModel.swift */ = {isa = PBXFileReference; lastKnownFileType = sourcecode.swift; path = SplashViewModel.swift; sourceTree = "<group>"; };
		1B13F53D2A69EE750006F3F0 /* BaseViewControllerProtocol.swift */ = {isa = PBXFileReference; lastKnownFileType = sourcecode.swift; path = BaseViewControllerProtocol.swift; sourceTree = "<group>"; };
		1B13F53F2A69EECE0006F3F0 /* BaseViewModelProtocol.swift */ = {isa = PBXFileReference; lastKnownFileType = sourcecode.swift; path = BaseViewModelProtocol.swift; sourceTree = "<group>"; };
		1B13F5422A69FBCB0006F3F0 /* GeneralBrandView.swift */ = {isa = PBXFileReference; lastKnownFileType = sourcecode.swift; path = GeneralBrandView.swift; sourceTree = "<group>"; };
		1B13F5442A6A03320006F3F0 /* BaseRouter.swift */ = {isa = PBXFileReference; lastKnownFileType = sourcecode.swift; path = BaseRouter.swift; sourceTree = "<group>"; };
		1B13F5472A6A06C10006F3F0 /* SplashRouter.swift */ = {isa = PBXFileReference; lastKnownFileType = sourcecode.swift; path = SplashRouter.swift; sourceTree = "<group>"; };
		1B13F54A2A6A080A0006F3F0 /* SearchViewModel.swift */ = {isa = PBXFileReference; lastKnownFileType = sourcecode.swift; path = SearchViewModel.swift; sourceTree = "<group>"; };
		1B13F54D2A6A08560006F3F0 /* SearchRouter.swift */ = {isa = PBXFileReference; lastKnownFileType = sourcecode.swift; path = SearchRouter.swift; sourceTree = "<group>"; };
		1B13F5532A6A09F60006F3F0 /* DetailViewController.swift */ = {isa = PBXFileReference; lastKnownFileType = sourcecode.swift; path = DetailViewController.swift; sourceTree = "<group>"; };
		1B13F5552A6A09FF0006F3F0 /* DetailViewModel.swift */ = {isa = PBXFileReference; lastKnownFileType = sourcecode.swift; path = DetailViewModel.swift; sourceTree = "<group>"; };
		1B13F5572A6A0A060006F3F0 /* DetailRouter.swift */ = {isa = PBXFileReference; lastKnownFileType = sourcecode.swift; path = DetailRouter.swift; sourceTree = "<group>"; };
		1B13F5592A6AEAEE0006F3F0 /* UIApplication+Extension.swift */ = {isa = PBXFileReference; lastKnownFileType = sourcecode.swift; path = "UIApplication+Extension.swift"; sourceTree = "<group>"; };
		1B13F55C2A6B33D10006F3F0 /* SearchModel.swift */ = {isa = PBXFileReference; lastKnownFileType = sourcecode.swift; path = SearchModel.swift; sourceTree = "<group>"; };
		1B13F55E2A6B35AE0006F3F0 /* BaseCellViewModelProtocol.swift */ = {isa = PBXFileReference; lastKnownFileType = sourcecode.swift; path = BaseCellViewModelProtocol.swift; sourceTree = "<group>"; };
		1B13F5602A6B36C50006F3F0 /* BaseCollectionViewCellProtocol.swift */ = {isa = PBXFileReference; lastKnownFileType = sourcecode.swift; path = BaseCollectionViewCellProtocol.swift; sourceTree = "<group>"; };
		1B13F5632A6B3B490006F3F0 /* SearchNetworkManager.swift */ = {isa = PBXFileReference; lastKnownFileType = sourcecode.swift; path = SearchNetworkManager.swift; sourceTree = "<group>"; };
		1B13F5692A6C15030006F3F0 /* SearchResultCellViewModel.swift */ = {isa = PBXFileReference; lastKnownFileType = sourcecode.swift; path = SearchResultCellViewModel.swift; sourceTree = "<group>"; };
		1B13F56E2A6C16640006F3F0 /* SearchResultCell.swift */ = {isa = PBXFileReference; lastKnownFileType = sourcecode.swift; path = SearchResultCell.swift; sourceTree = "<group>"; };
		1B13F56F2A6C16640006F3F0 /* SearchResultCell.xib */ = {isa = PBXFileReference; lastKnownFileType = file.xib; path = SearchResultCell.xib; sourceTree = "<group>"; };
		1B16E24A2A6D8CEA002B1A3D /* notification.apns */ = {isa = PBXFileReference; lastKnownFileType = text; path = notification.apns; sourceTree = "<group>"; };
		1B16E24C2A6DC634002B1A3D /* CollectionViewCellTypable.swift */ = {isa = PBXFileReference; lastKnownFileType = sourcecode.swift; path = CollectionViewCellTypable.swift; sourceTree = "<group>"; };
		1B16E24E2A6DC645002B1A3D /* CollectionViewModelable.swift */ = {isa = PBXFileReference; lastKnownFileType = sourcecode.swift; path = CollectionViewModelable.swift; sourceTree = "<group>"; };
		1BEEAB142A6C5CAD00ED2E39 /* BrandedTitleView.swift */ = {isa = PBXFileReference; lastKnownFileType = sourcecode.swift; path = BrandedTitleView.swift; sourceTree = "<group>"; };
		1BEEAB162A6C63AC00ED2E39 /* SearchEmptyCell.swift */ = {isa = PBXFileReference; lastKnownFileType = sourcecode.swift; path = SearchEmptyCell.swift; sourceTree = "<group>"; };
		1BEEAB172A6C63AC00ED2E39 /* SearchEmptyCell.xib */ = {isa = PBXFileReference; lastKnownFileType = file.xib; path = SearchEmptyCell.xib; sourceTree = "<group>"; };
		1BEEAB1A2A6C63CE00ED2E39 /* SearchEmptyCellViewModel.swift */ = {isa = PBXFileReference; lastKnownFileType = sourcecode.swift; path = SearchEmptyCellViewModel.swift; sourceTree = "<group>"; };
		1BEEAB1C2A6C967E00ED2E39 /* SearchLoadingCell.swift */ = {isa = PBXFileReference; lastKnownFileType = sourcecode.swift; path = SearchLoadingCell.swift; sourceTree = "<group>"; };
		1BEEAB1D2A6C967E00ED2E39 /* SearchLoadingCell.xib */ = {isa = PBXFileReference; lastKnownFileType = file.xib; path = SearchLoadingCell.xib; sourceTree = "<group>"; };
		1BEEAB202A6C97CF00ED2E39 /* SearchLoadingCellViewModel.swift */ = {isa = PBXFileReference; lastKnownFileType = sourcecode.swift; path = SearchLoadingCellViewModel.swift; sourceTree = "<group>"; };
		1BEEAB232A6D4F3B00ED2E39 /* DetailModel.swift */ = {isa = PBXFileReference; lastKnownFileType = sourcecode.swift; path = DetailModel.swift; sourceTree = "<group>"; };
		1BEEAB262A6D4F7600ED2E39 /* DetailNetworkManager.swift */ = {isa = PBXFileReference; lastKnownFileType = sourcecode.swift; path = DetailNetworkManager.swift; sourceTree = "<group>"; };
		1BF3E3CB2A71047A00978AE3 /* DetailViewModelTests.swift */ = {isa = PBXFileReference; lastKnownFileType = sourcecode.swift; path = DetailViewModelTests.swift; sourceTree = "<group>"; };
		1BF3E3CE2A710A6E00978AE3 /* DetailViewControllerTests.swift */ = {isa = PBXFileReference; lastKnownFileType = sourcecode.swift; path = DetailViewControllerTests.swift; sourceTree = "<group>"; };
		1BF3E3D12A710ECC00978AE3 /* SearchViewControllerTests.swift */ = {isa = PBXFileReference; lastKnownFileType = sourcecode.swift; path = SearchViewControllerTests.swift; sourceTree = "<group>"; };
		1BF3E3D32A71103700978AE3 /* SearchViewModelTests.swift */ = {isa = PBXFileReference; lastKnownFileType = sourcecode.swift; path = SearchViewModelTests.swift; sourceTree = "<group>"; };
/* End PBXFileReference section */

/* Begin PBXFrameworksBuildPhase section */
		1B13F4E02A6975D60006F3F0 /* Frameworks */ = {
			isa = PBXFrameworksBuildPhase;
			buildActionMask = 2147483647;
			files = (
				1B258BAE2AB5F6A9001F45A1 /* FirebaseMessaging in Frameworks */,
				1B258BAA2AB5F6A9001F45A1 /* FirebaseAnalyticsSwift in Frameworks */,
				1B258BB02AB5F6A9001F45A1 /* FirebasePerformance in Frameworks */,
				1B258B9E2AB5F526001F45A1 /* Alamofire in Frameworks */,
				1B258BA12AB5F5ED001F45A1 /* Nuke in Frameworks */,
				1B258BAC2AB5F6A9001F45A1 /* FirebaseCrashlytics in Frameworks */,
				1B258BA72AB5F5ED001F45A1 /* NukeVideo in Frameworks */,
				1B258BB22AB5F6A9001F45A1 /* FirebaseRemoteConfigSwift in Frameworks */,
				1B258BA32AB5F5ED001F45A1 /* NukeExtensions in Frameworks */,
				1B258BA52AB5F5ED001F45A1 /* NukeUI in Frameworks */,
			);
			runOnlyForDeploymentPostprocessing = 0;
		};
		1B13F4F62A6975D70006F3F0 /* Frameworks */ = {
			isa = PBXFrameworksBuildPhase;
			buildActionMask = 2147483647;
			files = (
			);
			runOnlyForDeploymentPostprocessing = 0;
		};
		1B13F5002A6975D70006F3F0 /* Frameworks */ = {
			isa = PBXFrameworksBuildPhase;
			buildActionMask = 2147483647;
			files = (
			);
			runOnlyForDeploymentPostprocessing = 0;
		};
/* End PBXFrameworksBuildPhase section */

/* Begin PBXGroup section */
		1B13F4DA2A6975D60006F3F0 = {
			isa = PBXGroup;
			children = (
				1B13F5262A697AFD0006F3F0 /* .swiftlint.yml */,
				1B13F4E52A6975D60006F3F0 /* Searchy */,
				1B13F4FC2A6975D70006F3F0 /* SearchyTests */,
				1B13F5062A6975D70006F3F0 /* SearchyUITests */,
				1B13F4E42A6975D60006F3F0 /* Products */,
				1B13F5752A6C22D70006F3F0 /* Frameworks */,
			);
			sourceTree = "<group>";
		};
		1B13F4E42A6975D60006F3F0 /* Products */ = {
			isa = PBXGroup;
			children = (
				1B13F4E32A6975D60006F3F0 /* Searchy.app */,
				1B13F4F92A6975D70006F3F0 /* SearchyTests.xctest */,
				1B13F5032A6975D70006F3F0 /* SearchyUITests.xctest */,
			);
			name = Products;
			sourceTree = "<group>";
		};
		1B13F4E52A6975D60006F3F0 /* Searchy */ = {
			isa = PBXGroup;
			children = (
				1B13F53C2A69EE650006F3F0 /* General */,
				1B13F5222A6978020006F3F0 /* Screens */,
				1B13F51F2A69777E0006F3F0 /* SupportingFiles */,
			);
			path = Searchy;
			sourceTree = "<group>";
		};
		1B13F4FC2A6975D70006F3F0 /* SearchyTests */ = {
			isa = PBXGroup;
			children = (
				1B13F4FD2A6975D70006F3F0 /* SearchyTests.swift */,
				1BF3E3C82A71044500978AE3 /* Detail */,
				1BF3E3D02A710EB600978AE3 /* Search */,
			);
			path = SearchyTests;
			sourceTree = "<group>";
		};
		1B13F5062A6975D70006F3F0 /* SearchyUITests */ = {
			isa = PBXGroup;
			children = (
				1B13F5072A6975D70006F3F0 /* SearchyUITests.swift */,
				1B13F5092A6975D70006F3F0 /* SearchyUITestsLaunchTests.swift */,
			);
			path = SearchyUITests;
			sourceTree = "<group>";
		};
		1B13F51F2A69777E0006F3F0 /* SupportingFiles */ = {
			isa = PBXGroup;
			children = (
				1B13F4E62A6975D60006F3F0 /* AppDelegate.swift */,
				1B13F4E82A6975D60006F3F0 /* SceneDelegate.swift */,
				1B13F4EC2A6975D60006F3F0 /* Main.storyboard */,
				1B13F4F12A6975D70006F3F0 /* LaunchScreen.storyboard */,
				1B13F4EF2A6975D70006F3F0 /* Assets.xcassets */,
				1B13F4F42A6975D70006F3F0 /* Info.plist */,
				1B13F5202A6977A60006F3F0 /* GoogleService-Info.plist */,
				1B13F5312A6981890006F3F0 /* GoogleService-RemoteConfigDefaults.plist */,
				1B16E24A2A6D8CEA002B1A3D /* notification.apns */,
			);
			path = SupportingFiles;
			sourceTree = "<group>";
		};
		1B13F5222A6978020006F3F0 /* Screens */ = {
			isa = PBXGroup;
			children = (
				1B13F54F2A6A09D30006F3F0 /* Detail */,
				1B13F5352A698A120006F3F0 /* Search */,
				1B13F5232A69780F0006F3F0 /* Splash */,
			);
			path = Screens;
			sourceTree = "<group>";
		};
		1B13F5232A69780F0006F3F0 /* Splash */ = {
			isa = PBXGroup;
			children = (
				1B13F5242A69781E0006F3F0 /* View */,
				1B13F5392A698BF40006F3F0 /* ViewModel */,
				1B13F5462A6A06B70006F3F0 /* Router */,
			);
			path = Splash;
			sourceTree = "<group>";
		};
		1B13F5242A69781E0006F3F0 /* View */ = {
			isa = PBXGroup;
			children = (
				1B13F4EA2A6975D60006F3F0 /* SplashViewController.swift */,
			);
			path = View;
			sourceTree = "<group>";
		};
		1B13F5352A698A120006F3F0 /* Search */ = {
			isa = PBXGroup;
			children = (
				1B13F5622A6B3B3A0006F3F0 /* Networking */,
				1B13F55B2A6B33C60006F3F0 /* Model */,
				1B13F5362A698A160006F3F0 /* View */,
				1B13F5492A6A08000006F3F0 /* ViewModel */,
				1B13F54C2A6A084B0006F3F0 /* Router */,
			);
			path = Search;
			sourceTree = "<group>";
		};
		1B13F5362A698A160006F3F0 /* View */ = {
			isa = PBXGroup;
			children = (
				1B13F5372A698A1F0006F3F0 /* SearchViewController.swift */,
				1B13F56B2A6C15130006F3F0 /* Cell */,
			);
			path = View;
			sourceTree = "<group>";
		};
		1B13F5392A698BF40006F3F0 /* ViewModel */ = {
			isa = PBXGroup;
			children = (
				1B13F53A2A698BFD0006F3F0 /* SplashViewModel.swift */,
			);
			path = ViewModel;
			sourceTree = "<group>";
		};
		1B13F53C2A69EE650006F3F0 /* General */ = {
			isa = PBXGroup;
			children = (
				1B13F5332A6982480006F3F0 /* Constants.swift */,
				1B13F5442A6A03320006F3F0 /* BaseRouter.swift */,
				1B13F52D2A697DA70006F3F0 /* NetworkReachability.swift */,
				1B13F5672A6B475A0006F3F0 /* Extensions */,
				1B16E2502A6DC65F002B1A3D /* Protocols */,
				1B13F5652A6B472F0006F3F0 /* View */,
			);
			path = General;
			sourceTree = "<group>";
		};
		1B13F5462A6A06B70006F3F0 /* Router */ = {
			isa = PBXGroup;
			children = (
				1B13F5472A6A06C10006F3F0 /* SplashRouter.swift */,
			);
			path = Router;
			sourceTree = "<group>";
		};
		1B13F5492A6A08000006F3F0 /* ViewModel */ = {
			isa = PBXGroup;
			children = (
				1B13F54A2A6A080A0006F3F0 /* SearchViewModel.swift */,
				1B13F5682A6C14F90006F3F0 /* Cell */,
			);
			path = ViewModel;
			sourceTree = "<group>";
		};
		1B13F54C2A6A084B0006F3F0 /* Router */ = {
			isa = PBXGroup;
			children = (
				1B13F54D2A6A08560006F3F0 /* SearchRouter.swift */,
			);
			path = Router;
			sourceTree = "<group>";
		};
		1B13F54F2A6A09D30006F3F0 /* Detail */ = {
			isa = PBXGroup;
			children = (
				1BEEAB252A6D4F6100ED2E39 /* Networking */,
				1BEEAB222A6D4F3200ED2E39 /* Model */,
				1B13F5522A6A09E50006F3F0 /* View */,
				1B13F5512A6A09DF0006F3F0 /* ViewModel */,
				1B13F5502A6A09D80006F3F0 /* Router */,
			);
			path = Detail;
			sourceTree = "<group>";
		};
		1B13F5502A6A09D80006F3F0 /* Router */ = {
			isa = PBXGroup;
			children = (
				1B13F5572A6A0A060006F3F0 /* DetailRouter.swift */,
			);
			path = Router;
			sourceTree = "<group>";
		};
		1B13F5512A6A09DF0006F3F0 /* ViewModel */ = {
			isa = PBXGroup;
			children = (
				1B13F5552A6A09FF0006F3F0 /* DetailViewModel.swift */,
			);
			path = ViewModel;
			sourceTree = "<group>";
		};
		1B13F5522A6A09E50006F3F0 /* View */ = {
			isa = PBXGroup;
			children = (
				1B13F5532A6A09F60006F3F0 /* DetailViewController.swift */,
			);
			path = View;
			sourceTree = "<group>";
		};
		1B13F55B2A6B33C60006F3F0 /* Model */ = {
			isa = PBXGroup;
			children = (
				1B13F55C2A6B33D10006F3F0 /* SearchModel.swift */,
			);
			path = Model;
			sourceTree = "<group>";
		};
		1B13F5622A6B3B3A0006F3F0 /* Networking */ = {
			isa = PBXGroup;
			children = (
				1B13F5632A6B3B490006F3F0 /* SearchNetworkManager.swift */,
			);
			path = Networking;
			sourceTree = "<group>";
		};
		1B13F5652A6B472F0006F3F0 /* View */ = {
			isa = PBXGroup;
			children = (
				1B13F5602A6B36C50006F3F0 /* BaseCollectionViewCellProtocol.swift */,
				1B13F5422A69FBCB0006F3F0 /* GeneralBrandView.swift */,
				1BEEAB142A6C5CAD00ED2E39 /* BrandedTitleView.swift */,
			);
			path = View;
			sourceTree = "<group>";
		};
		1B13F5672A6B475A0006F3F0 /* Extensions */ = {
			isa = PBXGroup;
			children = (
				1B13F5592A6AEAEE0006F3F0 /* UIApplication+Extension.swift */,
			);
			path = Extensions;
			sourceTree = "<group>";
		};
		1B13F5682A6C14F90006F3F0 /* Cell */ = {
			isa = PBXGroup;
			children = (
				1B13F5692A6C15030006F3F0 /* SearchResultCellViewModel.swift */,
				1BEEAB202A6C97CF00ED2E39 /* SearchLoadingCellViewModel.swift */,
				1BEEAB1A2A6C63CE00ED2E39 /* SearchEmptyCellViewModel.swift */,
			);
			path = Cell;
			sourceTree = "<group>";
		};
		1B13F56B2A6C15130006F3F0 /* Cell */ = {
			isa = PBXGroup;
			children = (
				1B13F56E2A6C16640006F3F0 /* SearchResultCell.swift */,
				1B13F56F2A6C16640006F3F0 /* SearchResultCell.xib */,
				1BEEAB162A6C63AC00ED2E39 /* SearchEmptyCell.swift */,
				1BEEAB172A6C63AC00ED2E39 /* SearchEmptyCell.xib */,
				1BEEAB1C2A6C967E00ED2E39 /* SearchLoadingCell.swift */,
				1BEEAB1D2A6C967E00ED2E39 /* SearchLoadingCell.xib */,
			);
			path = Cell;
			sourceTree = "<group>";
		};
		1B13F5752A6C22D70006F3F0 /* Frameworks */ = {
			isa = PBXGroup;
			children = (
			);
			name = Frameworks;
			sourceTree = "<group>";
		};
		1B16E2502A6DC65F002B1A3D /* Protocols */ = {
			isa = PBXGroup;
			children = (
				1B13F53D2A69EE750006F3F0 /* BaseViewControllerProtocol.swift */,
				1B13F53F2A69EECE0006F3F0 /* BaseViewModelProtocol.swift */,
				1B13F55E2A6B35AE0006F3F0 /* BaseCellViewModelProtocol.swift */,
				1B16E24E2A6DC645002B1A3D /* CollectionViewModelable.swift */,
				1B16E24C2A6DC634002B1A3D /* CollectionViewCellTypable.swift */,
			);
			path = Protocols;
			sourceTree = "<group>";
		};
		1BEEAB222A6D4F3200ED2E39 /* Model */ = {
			isa = PBXGroup;
			children = (
				1BEEAB232A6D4F3B00ED2E39 /* DetailModel.swift */,
			);
			path = Model;
			sourceTree = "<group>";
		};
		1BEEAB252A6D4F6100ED2E39 /* Networking */ = {
			isa = PBXGroup;
			children = (
				1BEEAB262A6D4F7600ED2E39 /* DetailNetworkManager.swift */,
			);
			path = Networking;
			sourceTree = "<group>";
		};
		1BF3E3C82A71044500978AE3 /* Detail */ = {
			isa = PBXGroup;
			children = (
				1BF3E3CE2A710A6E00978AE3 /* DetailViewControllerTests.swift */,
				1BF3E3CB2A71047A00978AE3 /* DetailViewModelTests.swift */,
			);
			path = Detail;
			sourceTree = "<group>";
		};
		1BF3E3D02A710EB600978AE3 /* Search */ = {
			isa = PBXGroup;
			children = (
				1BF3E3D12A710ECC00978AE3 /* SearchViewControllerTests.swift */,
				1BF3E3D32A71103700978AE3 /* SearchViewModelTests.swift */,
			);
			path = Search;
			sourceTree = "<group>";
		};
/* End PBXGroup section */

/* Begin PBXNativeTarget section */
		1B13F4E22A6975D60006F3F0 /* Searchy */ = {
			isa = PBXNativeTarget;
			buildConfigurationList = 1B13F50D2A6975D70006F3F0 /* Build configuration list for PBXNativeTarget "Searchy" */;
			buildPhases = (
				1B13F4DF2A6975D60006F3F0 /* Sources */,
				1B13F4E02A6975D60006F3F0 /* Frameworks */,
				1B13F4E12A6975D60006F3F0 /* Resources */,
				1B258BB32AB5F6BE001F45A1 /* SwiftLint Run Script */,
			);
			buildRules = (
			);
			dependencies = (
				1B13F5292A697B6F0006F3F0 /* PBXTargetDependency */,
			);
			name = Searchy;
			packageProductDependencies = (
				1B258B9D2AB5F526001F45A1 /* Alamofire */,
				1B258BA02AB5F5ED001F45A1 /* Nuke */,
				1B258BA22AB5F5ED001F45A1 /* NukeExtensions */,
				1B258BA42AB5F5ED001F45A1 /* NukeUI */,
				1B258BA62AB5F5ED001F45A1 /* NukeVideo */,
				1B258BA92AB5F6A9001F45A1 /* FirebaseAnalyticsSwift */,
				1B258BAB2AB5F6A9001F45A1 /* FirebaseCrashlytics */,
				1B258BAD2AB5F6A9001F45A1 /* FirebaseMessaging */,
				1B258BAF2AB5F6A9001F45A1 /* FirebasePerformance */,
				1B258BB12AB5F6A9001F45A1 /* FirebaseRemoteConfigSwift */,
			);
			productName = Searchy;
			productReference = 1B13F4E32A6975D60006F3F0 /* Searchy.app */;
			productType = "com.apple.product-type.application";
		};
		1B13F4F82A6975D70006F3F0 /* SearchyTests */ = {
			isa = PBXNativeTarget;
			buildConfigurationList = 1B13F5102A6975D70006F3F0 /* Build configuration list for PBXNativeTarget "SearchyTests" */;
			buildPhases = (
				1B13F4F52A6975D70006F3F0 /* Sources */,
				1B13F4F62A6975D70006F3F0 /* Frameworks */,
				1B13F4F72A6975D70006F3F0 /* Resources */,
			);
			buildRules = (
			);
			dependencies = (
				1B13F4FB2A6975D70006F3F0 /* PBXTargetDependency */,
			);
			name = SearchyTests;
			packageProductDependencies = (
			);
			productName = SearchyTests;
			productReference = 1B13F4F92A6975D70006F3F0 /* SearchyTests.xctest */;
			productType = "com.apple.product-type.bundle.unit-test";
		};
		1B13F5022A6975D70006F3F0 /* SearchyUITests */ = {
			isa = PBXNativeTarget;
			buildConfigurationList = 1B13F5132A6975D70006F3F0 /* Build configuration list for PBXNativeTarget "SearchyUITests" */;
			buildPhases = (
				1B13F4FF2A6975D70006F3F0 /* Sources */,
				1B13F5002A6975D70006F3F0 /* Frameworks */,
				1B13F5012A6975D70006F3F0 /* Resources */,
			);
			buildRules = (
			);
			dependencies = (
				1B13F5052A6975D70006F3F0 /* PBXTargetDependency */,
			);
			name = SearchyUITests;
			productName = SearchyUITests;
			productReference = 1B13F5032A6975D70006F3F0 /* SearchyUITests.xctest */;
			productType = "com.apple.product-type.bundle.ui-testing";
		};
/* End PBXNativeTarget section */

/* Begin PBXProject section */
		1B13F4DB2A6975D60006F3F0 /* Project object */ = {
			isa = PBXProject;
			attributes = {
				BuildIndependentTargetsInParallel = 1;
				LastSwiftUpdateCheck = 1430;
				LastUpgradeCheck = 1500;
				TargetAttributes = {
					1B13F4E22A6975D60006F3F0 = {
						CreatedOnToolsVersion = 14.3.1;
					};
					1B13F4F82A6975D70006F3F0 = {
						CreatedOnToolsVersion = 14.3.1;
						TestTargetID = 1B13F4E22A6975D60006F3F0;
					};
					1B13F5022A6975D70006F3F0 = {
						CreatedOnToolsVersion = 14.3.1;
						TestTargetID = 1B13F4E22A6975D60006F3F0;
					};
				};
			};
			buildConfigurationList = 1B13F4DE2A6975D60006F3F0 /* Build configuration list for PBXProject "Searchy" */;
			compatibilityVersion = "Xcode 14.0";
			developmentRegion = en;
			hasScannedForEncodings = 0;
			knownRegions = (
				en,
				Base,
			);
			mainGroup = 1B13F4DA2A6975D60006F3F0;
			packageReferences = (
				1B258B9C2AB5F526001F45A1 /* XCRemoteSwiftPackageReference "Alamofire" */,
				1B258B9F2AB5F5ED001F45A1 /* XCRemoteSwiftPackageReference "Nuke" */,
				1B258BA82AB5F6A9001F45A1 /* XCRemoteSwiftPackageReference "firebase-ios-sdk" */,
			);
			productRefGroup = 1B13F4E42A6975D60006F3F0 /* Products */;
			projectDirPath = "";
			projectRoot = "";
			targets = (
				1B13F4E22A6975D60006F3F0 /* Searchy */,
				1B13F4F82A6975D70006F3F0 /* SearchyTests */,
				1B13F5022A6975D70006F3F0 /* SearchyUITests */,
			);
		};
/* End PBXProject section */

/* Begin PBXResourcesBuildPhase section */
		1B13F4E12A6975D60006F3F0 /* Resources */ = {
			isa = PBXResourcesBuildPhase;
			buildActionMask = 2147483647;
			files = (
				1B13F5712A6C16640006F3F0 /* SearchResultCell.xib in Resources */,
				1B13F5272A697AFD0006F3F0 /* .swiftlint.yml in Resources */,
				1B13F4F32A6975D70006F3F0 /* LaunchScreen.storyboard in Resources */,
				1B13F5212A6977A60006F3F0 /* GoogleService-Info.plist in Resources */,
				1B16E24B2A6D8CEA002B1A3D /* notification.apns in Resources */,
				1BEEAB192A6C63AD00ED2E39 /* SearchEmptyCell.xib in Resources */,
				1BEEAB1F2A6C967E00ED2E39 /* SearchLoadingCell.xib in Resources */,
				1B13F5322A6981890006F3F0 /* GoogleService-RemoteConfigDefaults.plist in Resources */,
				1B13F4F02A6975D70006F3F0 /* Assets.xcassets in Resources */,
				1B13F4EE2A6975D60006F3F0 /* Main.storyboard in Resources */,
			);
			runOnlyForDeploymentPostprocessing = 0;
		};
		1B13F4F72A6975D70006F3F0 /* Resources */ = {
			isa = PBXResourcesBuildPhase;
			buildActionMask = 2147483647;
			files = (
			);
			runOnlyForDeploymentPostprocessing = 0;
		};
		1B13F5012A6975D70006F3F0 /* Resources */ = {
			isa = PBXResourcesBuildPhase;
			buildActionMask = 2147483647;
			files = (
			);
			runOnlyForDeploymentPostprocessing = 0;
		};
/* End PBXResourcesBuildPhase section */

/* Begin PBXShellScriptBuildPhase section */
		1B258BB32AB5F6BE001F45A1 /* SwiftLint Run Script */ = {
			isa = PBXShellScriptBuildPhase;
			alwaysOutOfDate = 1;
			buildActionMask = 2147483647;
			files = (
			);
			inputFileListPaths = (
			);
			inputPaths = (
			);
			name = "SwiftLint Run Script";
			outputFileListPaths = (
			);
			outputPaths = (
			);
			runOnlyForDeploymentPostprocessing = 0;
			shellPath = /bin/sh;
			shellScript = "if [[ \"$(uname -m)\" == arm64 ]]; then\n    export PATH=\"/opt/homebrew/bin:$PATH\"\nfi\n\nif which swiftlint > /dev/null; then\n  swiftlint\nelse\n  echo \"warning: SwiftLint not installed, download from https://github.com/realm/SwiftLint\"\nfi\n";
		};
/* End PBXShellScriptBuildPhase section */

/* Begin PBXSourcesBuildPhase section */
		1B13F4DF2A6975D60006F3F0 /* Sources */ = {
			isa = PBXSourcesBuildPhase;
			buildActionMask = 2147483647;
			files = (
				1B13F5382A698A1F0006F3F0 /* SearchViewController.swift in Sources */,
				1B13F5482A6A06C10006F3F0 /* SplashRouter.swift in Sources */,
				1BEEAB152A6C5CAD00ED2E39 /* BrandedTitleView.swift in Sources */,
				1B13F5342A6982480006F3F0 /* Constants.swift in Sources */,
				1B13F4EB2A6975D60006F3F0 /* SplashViewController.swift in Sources */,
				1B13F5642A6B3B490006F3F0 /* SearchNetworkManager.swift in Sources */,
				1BEEAB1E2A6C967E00ED2E39 /* SearchLoadingCell.swift in Sources */,
				1B13F55A2A6AEAEE0006F3F0 /* UIApplication+Extension.swift in Sources */,
				1B13F56A2A6C15030006F3F0 /* SearchResultCellViewModel.swift in Sources */,
				1B13F53B2A698BFD0006F3F0 /* SplashViewModel.swift in Sources */,
				1B13F54B2A6A080A0006F3F0 /* SearchViewModel.swift in Sources */,
				1B13F4E72A6975D60006F3F0 /* AppDelegate.swift in Sources */,
				1B13F5612A6B36C50006F3F0 /* BaseCollectionViewCellProtocol.swift in Sources */,
				1BEEAB242A6D4F3B00ED2E39 /* DetailModel.swift in Sources */,
				1B13F5402A69EECE0006F3F0 /* BaseViewModelProtocol.swift in Sources */,
				1BEEAB272A6D4F7600ED2E39 /* DetailNetworkManager.swift in Sources */,
				1B13F55F2A6B35AE0006F3F0 /* BaseCellViewModelProtocol.swift in Sources */,
				1B13F53E2A69EE750006F3F0 /* BaseViewControllerProtocol.swift in Sources */,
				1B16E24D2A6DC634002B1A3D /* CollectionViewCellTypable.swift in Sources */,
				1B13F5452A6A03320006F3F0 /* BaseRouter.swift in Sources */,
				1B13F54E2A6A08560006F3F0 /* SearchRouter.swift in Sources */,
				1B13F4E92A6975D60006F3F0 /* SceneDelegate.swift in Sources */,
				1B13F5542A6A09F60006F3F0 /* DetailViewController.swift in Sources */,
				1BEEAB212A6C97CF00ED2E39 /* SearchLoadingCellViewModel.swift in Sources */,
				1BEEAB1B2A6C63CE00ED2E39 /* SearchEmptyCellViewModel.swift in Sources */,
				1B13F5702A6C16640006F3F0 /* SearchResultCell.swift in Sources */,
				1B13F52E2A697DA70006F3F0 /* NetworkReachability.swift in Sources */,
				1B16E24F2A6DC645002B1A3D /* CollectionViewModelable.swift in Sources */,
				1B13F5582A6A0A060006F3F0 /* DetailRouter.swift in Sources */,
				1B13F55D2A6B33D10006F3F0 /* SearchModel.swift in Sources */,
				1B13F5432A69FBCB0006F3F0 /* GeneralBrandView.swift in Sources */,
				1B13F5562A6A09FF0006F3F0 /* DetailViewModel.swift in Sources */,
				1BEEAB182A6C63AD00ED2E39 /* SearchEmptyCell.swift in Sources */,
			);
			runOnlyForDeploymentPostprocessing = 0;
		};
		1B13F4F52A6975D70006F3F0 /* Sources */ = {
			isa = PBXSourcesBuildPhase;
			buildActionMask = 2147483647;
			files = (
				1B13F4FE2A6975D70006F3F0 /* SearchyTests.swift in Sources */,
				1BF3E3CC2A71047A00978AE3 /* DetailViewModelTests.swift in Sources */,
				1BF3E3D22A710ECC00978AE3 /* SearchViewControllerTests.swift in Sources */,
				1BF3E3CF2A710A6E00978AE3 /* DetailViewControllerTests.swift in Sources */,
				1BF3E3D42A71103700978AE3 /* SearchViewModelTests.swift in Sources */,
			);
			runOnlyForDeploymentPostprocessing = 0;
		};
		1B13F4FF2A6975D70006F3F0 /* Sources */ = {
			isa = PBXSourcesBuildPhase;
			buildActionMask = 2147483647;
			files = (
				1B13F50A2A6975D70006F3F0 /* SearchyUITestsLaunchTests.swift in Sources */,
				1B13F5082A6975D70006F3F0 /* SearchyUITests.swift in Sources */,
			);
			runOnlyForDeploymentPostprocessing = 0;
		};
/* End PBXSourcesBuildPhase section */

/* Begin PBXTargetDependency section */
		1B13F4FB2A6975D70006F3F0 /* PBXTargetDependency */ = {
			isa = PBXTargetDependency;
			target = 1B13F4E22A6975D60006F3F0 /* Searchy */;
			targetProxy = 1B13F4FA2A6975D70006F3F0 /* PBXContainerItemProxy */;
		};
		1B13F5052A6975D70006F3F0 /* PBXTargetDependency */ = {
			isa = PBXTargetDependency;
			target = 1B13F4E22A6975D60006F3F0 /* Searchy */;
			targetProxy = 1B13F5042A6975D70006F3F0 /* PBXContainerItemProxy */;
		};
		1B13F5292A697B6F0006F3F0 /* PBXTargetDependency */ = {
			isa = PBXTargetDependency;
			productRef = 1B13F5282A697B6F0006F3F0 /* SwiftLintPlugin */;
		};
/* End PBXTargetDependency section */

/* Begin PBXVariantGroup section */
		1B13F4EC2A6975D60006F3F0 /* Main.storyboard */ = {
			isa = PBXVariantGroup;
			children = (
				1B13F4ED2A6975D60006F3F0 /* Base */,
			);
			name = Main.storyboard;
			sourceTree = "<group>";
		};
		1B13F4F12A6975D70006F3F0 /* LaunchScreen.storyboard */ = {
			isa = PBXVariantGroup;
			children = (
				1B13F4F22A6975D70006F3F0 /* Base */,
			);
			name = LaunchScreen.storyboard;
			sourceTree = "<group>";
		};
/* End PBXVariantGroup section */

/* Begin XCBuildConfiguration section */
		1B13F50B2A6975D70006F3F0 /* Debug */ = {
			isa = XCBuildConfiguration;
			buildSettings = {
				ALWAYS_SEARCH_USER_PATHS = NO;
				ASSETCATALOG_COMPILER_GENERATE_SWIFT_ASSET_SYMBOL_EXTENSIONS = YES;
				CLANG_ANALYZER_NONNULL = YES;
				CLANG_ANALYZER_NUMBER_OBJECT_CONVERSION = YES_AGGRESSIVE;
				CLANG_CXX_LANGUAGE_STANDARD = "gnu++20";
				CLANG_ENABLE_MODULES = YES;
				CLANG_ENABLE_OBJC_ARC = YES;
				CLANG_ENABLE_OBJC_WEAK = YES;
				CLANG_WARN_BLOCK_CAPTURE_AUTORELEASING = YES;
				CLANG_WARN_BOOL_CONVERSION = YES;
				CLANG_WARN_COMMA = YES;
				CLANG_WARN_CONSTANT_CONVERSION = YES;
				CLANG_WARN_DEPRECATED_OBJC_IMPLEMENTATIONS = YES;
				CLANG_WARN_DIRECT_OBJC_ISA_USAGE = YES_ERROR;
				CLANG_WARN_DOCUMENTATION_COMMENTS = YES;
				CLANG_WARN_EMPTY_BODY = YES;
				CLANG_WARN_ENUM_CONVERSION = YES;
				CLANG_WARN_INFINITE_RECURSION = YES;
				CLANG_WARN_INT_CONVERSION = YES;
				CLANG_WARN_NON_LITERAL_NULL_CONVERSION = YES;
				CLANG_WARN_OBJC_IMPLICIT_RETAIN_SELF = YES;
				CLANG_WARN_OBJC_LITERAL_CONVERSION = YES;
				CLANG_WARN_OBJC_ROOT_CLASS = YES_ERROR;
				CLANG_WARN_QUOTED_INCLUDE_IN_FRAMEWORK_HEADER = YES;
				CLANG_WARN_RANGE_LOOP_ANALYSIS = YES;
				CLANG_WARN_STRICT_PROTOTYPES = YES;
				CLANG_WARN_SUSPICIOUS_MOVE = YES;
				CLANG_WARN_UNGUARDED_AVAILABILITY = YES_AGGRESSIVE;
				CLANG_WARN_UNREACHABLE_CODE = YES;
				CLANG_WARN__DUPLICATE_METHOD_MATCH = YES;
				COPY_PHASE_STRIP = NO;
				DEBUG_INFORMATION_FORMAT = dwarf;
				ENABLE_STRICT_OBJC_MSGSEND = YES;
				ENABLE_TESTABILITY = YES;
				ENABLE_USER_SCRIPT_SANDBOXING = YES;
				GCC_C_LANGUAGE_STANDARD = gnu11;
				GCC_DYNAMIC_NO_PIC = NO;
				GCC_NO_COMMON_BLOCKS = YES;
				GCC_OPTIMIZATION_LEVEL = 0;
				GCC_PREPROCESSOR_DEFINITIONS = (
					"DEBUG=1",
					"$(inherited)",
				);
				GCC_WARN_64_TO_32_BIT_CONVERSION = YES;
				GCC_WARN_ABOUT_RETURN_TYPE = YES_ERROR;
				GCC_WARN_UNDECLARED_SELECTOR = YES;
				GCC_WARN_UNINITIALIZED_AUTOS = YES_AGGRESSIVE;
				GCC_WARN_UNUSED_FUNCTION = YES;
				GCC_WARN_UNUSED_VARIABLE = YES;
				IPHONEOS_DEPLOYMENT_TARGET = 15.0;
				MTL_ENABLE_DEBUG_INFO = INCLUDE_SOURCE;
				MTL_FAST_MATH = YES;
				ONLY_ACTIVE_ARCH = YES;
				SDKROOT = iphoneos;
				SWIFT_ACTIVE_COMPILATION_CONDITIONS = DEBUG;
				SWIFT_OPTIMIZATION_LEVEL = "-Onone";
			};
			name = Debug;
		};
		1B13F50C2A6975D70006F3F0 /* Release */ = {
			isa = XCBuildConfiguration;
			buildSettings = {
				ALWAYS_SEARCH_USER_PATHS = NO;
				ASSETCATALOG_COMPILER_GENERATE_SWIFT_ASSET_SYMBOL_EXTENSIONS = YES;
				CLANG_ANALYZER_NONNULL = YES;
				CLANG_ANALYZER_NUMBER_OBJECT_CONVERSION = YES_AGGRESSIVE;
				CLANG_CXX_LANGUAGE_STANDARD = "gnu++20";
				CLANG_ENABLE_MODULES = YES;
				CLANG_ENABLE_OBJC_ARC = YES;
				CLANG_ENABLE_OBJC_WEAK = YES;
				CLANG_WARN_BLOCK_CAPTURE_AUTORELEASING = YES;
				CLANG_WARN_BOOL_CONVERSION = YES;
				CLANG_WARN_COMMA = YES;
				CLANG_WARN_CONSTANT_CONVERSION = YES;
				CLANG_WARN_DEPRECATED_OBJC_IMPLEMENTATIONS = YES;
				CLANG_WARN_DIRECT_OBJC_ISA_USAGE = YES_ERROR;
				CLANG_WARN_DOCUMENTATION_COMMENTS = YES;
				CLANG_WARN_EMPTY_BODY = YES;
				CLANG_WARN_ENUM_CONVERSION = YES;
				CLANG_WARN_INFINITE_RECURSION = YES;
				CLANG_WARN_INT_CONVERSION = YES;
				CLANG_WARN_NON_LITERAL_NULL_CONVERSION = YES;
				CLANG_WARN_OBJC_IMPLICIT_RETAIN_SELF = YES;
				CLANG_WARN_OBJC_LITERAL_CONVERSION = YES;
				CLANG_WARN_OBJC_ROOT_CLASS = YES_ERROR;
				CLANG_WARN_QUOTED_INCLUDE_IN_FRAMEWORK_HEADER = YES;
				CLANG_WARN_RANGE_LOOP_ANALYSIS = YES;
				CLANG_WARN_STRICT_PROTOTYPES = YES;
				CLANG_WARN_SUSPICIOUS_MOVE = YES;
				CLANG_WARN_UNGUARDED_AVAILABILITY = YES_AGGRESSIVE;
				CLANG_WARN_UNREACHABLE_CODE = YES;
				CLANG_WARN__DUPLICATE_METHOD_MATCH = YES;
				COPY_PHASE_STRIP = NO;
				DEBUG_INFORMATION_FORMAT = "dwarf-with-dsym";
				ENABLE_NS_ASSERTIONS = NO;
				ENABLE_STRICT_OBJC_MSGSEND = YES;
				ENABLE_USER_SCRIPT_SANDBOXING = YES;
				GCC_C_LANGUAGE_STANDARD = gnu11;
				GCC_NO_COMMON_BLOCKS = YES;
				GCC_WARN_64_TO_32_BIT_CONVERSION = YES;
				GCC_WARN_ABOUT_RETURN_TYPE = YES_ERROR;
				GCC_WARN_UNDECLARED_SELECTOR = YES;
				GCC_WARN_UNINITIALIZED_AUTOS = YES_AGGRESSIVE;
				GCC_WARN_UNUSED_FUNCTION = YES;
				GCC_WARN_UNUSED_VARIABLE = YES;
				IPHONEOS_DEPLOYMENT_TARGET = 15.0;
				MTL_ENABLE_DEBUG_INFO = NO;
				MTL_FAST_MATH = YES;
				SDKROOT = iphoneos;
				SWIFT_COMPILATION_MODE = wholemodule;
				SWIFT_OPTIMIZATION_LEVEL = "-O";
				VALIDATE_PRODUCT = YES;
			};
			name = Release;
		};
		1B13F50E2A6975D70006F3F0 /* Debug */ = {
			isa = XCBuildConfiguration;
			buildSettings = {
				ASSETCATALOG_COMPILER_APPICON_NAME = AppIcon;
				ASSETCATALOG_COMPILER_GLOBAL_ACCENT_COLOR_NAME = AccentColor;
				CODE_SIGN_STYLE = Automatic;
				CURRENT_PROJECT_VERSION = 2;
				DEVELOPMENT_TEAM = 927YGY67XQ;
				ENABLE_USER_SCRIPT_SANDBOXING = NO;
				GENERATE_INFOPLIST_FILE = YES;
				INFOPLIST_FILE = Searchy/SupportingFiles/Info.plist;
				INFOPLIST_KEY_CFBundleDisplayName = Searchy;
				INFOPLIST_KEY_LSApplicationCategoryType = "public.app-category.entertainment";
				INFOPLIST_KEY_UIApplicationSupportsIndirectInputEvents = YES;
				INFOPLIST_KEY_UILaunchStoryboardName = LaunchScreen;
				INFOPLIST_KEY_UIMainStoryboardFile = Main;
				INFOPLIST_KEY_UISupportedInterfaceOrientations = UIInterfaceOrientationPortrait;
				IPHONEOS_DEPLOYMENT_TARGET = 15.0;
				LD_RUNPATH_SEARCH_PATHS = (
					"$(inherited)",
					"@executable_path/Frameworks",
				);
				MARKETING_VERSION = 1.1;
				PRODUCT_BUNDLE_IDENTIFIER = com.Murmeko.Searchy;
				PRODUCT_NAME = "$(TARGET_NAME)";
				SWIFT_EMIT_LOC_STRINGS = YES;
				SWIFT_VERSION = 5.0;
				TARGETED_DEVICE_FAMILY = "1,2";
			};
			name = Debug;
		};
		1B13F50F2A6975D70006F3F0 /* Release */ = {
			isa = XCBuildConfiguration;
			buildSettings = {
				ASSETCATALOG_COMPILER_APPICON_NAME = AppIcon;
				ASSETCATALOG_COMPILER_GLOBAL_ACCENT_COLOR_NAME = AccentColor;
				CODE_SIGN_STYLE = Automatic;
				CURRENT_PROJECT_VERSION = 2;
				DEVELOPMENT_TEAM = 927YGY67XQ;
				ENABLE_USER_SCRIPT_SANDBOXING = NO;
				GENERATE_INFOPLIST_FILE = YES;
				INFOPLIST_FILE = Searchy/SupportingFiles/Info.plist;
				INFOPLIST_KEY_CFBundleDisplayName = Searchy;
				INFOPLIST_KEY_LSApplicationCategoryType = "public.app-category.entertainment";
				INFOPLIST_KEY_UIApplicationSupportsIndirectInputEvents = YES;
				INFOPLIST_KEY_UILaunchStoryboardName = LaunchScreen;
				INFOPLIST_KEY_UIMainStoryboardFile = Main;
				INFOPLIST_KEY_UISupportedInterfaceOrientations = UIInterfaceOrientationPortrait;
				IPHONEOS_DEPLOYMENT_TARGET = 15.0;
				LD_RUNPATH_SEARCH_PATHS = (
					"$(inherited)",
					"@executable_path/Frameworks",
				);
				MARKETING_VERSION = 1.1;
				PRODUCT_BUNDLE_IDENTIFIER = com.Murmeko.Searchy;
				PRODUCT_NAME = "$(TARGET_NAME)";
				SWIFT_EMIT_LOC_STRINGS = YES;
				SWIFT_VERSION = 5.0;
				TARGETED_DEVICE_FAMILY = "1,2";
			};
			name = Release;
		};
		1B13F5112A6975D70006F3F0 /* Debug */ = {
			isa = XCBuildConfiguration;
			buildSettings = {
				ALWAYS_EMBED_SWIFT_STANDARD_LIBRARIES = YES;
				BUNDLE_LOADER = "$(TEST_HOST)";
				CODE_SIGN_STYLE = Automatic;
				CURRENT_PROJECT_VERSION = 1;
				DEVELOPMENT_TEAM = 927YGY67XQ;
				GENERATE_INFOPLIST_FILE = YES;
				IPHONEOS_DEPLOYMENT_TARGET = 15.0;
				MARKETING_VERSION = 1.0;
				PRODUCT_BUNDLE_IDENTIFIER = com.Murmeko.SearchyTests;
				PRODUCT_NAME = "$(TARGET_NAME)";
				SWIFT_EMIT_LOC_STRINGS = NO;
				SWIFT_VERSION = 5.0;
				TARGETED_DEVICE_FAMILY = "1,2";
				TEST_HOST = "$(BUILT_PRODUCTS_DIR)/Searchy.app/$(BUNDLE_EXECUTABLE_FOLDER_PATH)/Searchy";
			};
			name = Debug;
		};
		1B13F5122A6975D70006F3F0 /* Release */ = {
			isa = XCBuildConfiguration;
			buildSettings = {
				ALWAYS_EMBED_SWIFT_STANDARD_LIBRARIES = YES;
				BUNDLE_LOADER = "$(TEST_HOST)";
				CODE_SIGN_STYLE = Automatic;
				CURRENT_PROJECT_VERSION = 1;
				DEVELOPMENT_TEAM = 927YGY67XQ;
				GENERATE_INFOPLIST_FILE = YES;
				IPHONEOS_DEPLOYMENT_TARGET = 15.0;
				MARKETING_VERSION = 1.0;
				PRODUCT_BUNDLE_IDENTIFIER = com.Murmeko.SearchyTests;
				PRODUCT_NAME = "$(TARGET_NAME)";
				SWIFT_EMIT_LOC_STRINGS = NO;
				SWIFT_VERSION = 5.0;
				TARGETED_DEVICE_FAMILY = "1,2";
				TEST_HOST = "$(BUILT_PRODUCTS_DIR)/Searchy.app/$(BUNDLE_EXECUTABLE_FOLDER_PATH)/Searchy";
			};
			name = Release;
		};
		1B13F5142A6975D70006F3F0 /* Debug */ = {
			isa = XCBuildConfiguration;
			buildSettings = {
				ALWAYS_EMBED_SWIFT_STANDARD_LIBRARIES = YES;
				CODE_SIGN_STYLE = Automatic;
				CURRENT_PROJECT_VERSION = 1;
				DEVELOPMENT_TEAM = 927YGY67XQ;
				GENERATE_INFOPLIST_FILE = YES;
				MARKETING_VERSION = 1.0;
				PRODUCT_BUNDLE_IDENTIFIER = com.Murmeko.SearchyUITests;
				PRODUCT_NAME = "$(TARGET_NAME)";
				SWIFT_EMIT_LOC_STRINGS = NO;
				SWIFT_VERSION = 5.0;
				TARGETED_DEVICE_FAMILY = "1,2";
				TEST_TARGET_NAME = Searchy;
			};
			name = Debug;
		};
		1B13F5152A6975D70006F3F0 /* Release */ = {
			isa = XCBuildConfiguration;
			buildSettings = {
				ALWAYS_EMBED_SWIFT_STANDARD_LIBRARIES = YES;
				CODE_SIGN_STYLE = Automatic;
				CURRENT_PROJECT_VERSION = 1;
				DEVELOPMENT_TEAM = 927YGY67XQ;
				GENERATE_INFOPLIST_FILE = YES;
				MARKETING_VERSION = 1.0;
				PRODUCT_BUNDLE_IDENTIFIER = com.Murmeko.SearchyUITests;
				PRODUCT_NAME = "$(TARGET_NAME)";
				SWIFT_EMIT_LOC_STRINGS = NO;
				SWIFT_VERSION = 5.0;
				TARGETED_DEVICE_FAMILY = "1,2";
				TEST_TARGET_NAME = Searchy;
			};
			name = Release;
		};
/* End XCBuildConfiguration section */

/* Begin XCConfigurationList section */
		1B13F4DE2A6975D60006F3F0 /* Build configuration list for PBXProject "Searchy" */ = {
			isa = XCConfigurationList;
			buildConfigurations = (
				1B13F50B2A6975D70006F3F0 /* Debug */,
				1B13F50C2A6975D70006F3F0 /* Release */,
			);
			defaultConfigurationIsVisible = 0;
			defaultConfigurationName = Release;
		};
		1B13F50D2A6975D70006F3F0 /* Build configuration list for PBXNativeTarget "Searchy" */ = {
			isa = XCConfigurationList;
			buildConfigurations = (
				1B13F50E2A6975D70006F3F0 /* Debug */,
				1B13F50F2A6975D70006F3F0 /* Release */,
			);
			defaultConfigurationIsVisible = 0;
			defaultConfigurationName = Release;
		};
		1B13F5102A6975D70006F3F0 /* Build configuration list for PBXNativeTarget "SearchyTests" */ = {
			isa = XCConfigurationList;
			buildConfigurations = (
				1B13F5112A6975D70006F3F0 /* Debug */,
				1B13F5122A6975D70006F3F0 /* Release */,
			);
			defaultConfigurationIsVisible = 0;
			defaultConfigurationName = Release;
		};
		1B13F5132A6975D70006F3F0 /* Build configuration list for PBXNativeTarget "SearchyUITests" */ = {
			isa = XCConfigurationList;
			buildConfigurations = (
				1B13F5142A6975D70006F3F0 /* Debug */,
				1B13F5152A6975D70006F3F0 /* Release */,
			);
			defaultConfigurationIsVisible = 0;
			defaultConfigurationName = Release;
		};
/* End XCConfigurationList section */

/* Begin XCRemoteSwiftPackageReference section */
		1B13F5252A697ADA0006F3F0 /* XCRemoteSwiftPackageReference "SwiftLint" */ = {
			isa = XCRemoteSwiftPackageReference;
			repositoryURL = "https://github.com/realm/SwiftLint";
			requirement = {
				kind = upToNextMajorVersion;
				minimumVersion = 0.52.4;
			};
		};
		1B258B9C2AB5F526001F45A1 /* XCRemoteSwiftPackageReference "Alamofire" */ = {
			isa = XCRemoteSwiftPackageReference;
			repositoryURL = "https://github.com/Alamofire/Alamofire.git";
			requirement = {
				kind = upToNextMajorVersion;
				minimumVersion = 5.8.0;
			};
		};
		1B258B9F2AB5F5ED001F45A1 /* XCRemoteSwiftPackageReference "Nuke" */ = {
			isa = XCRemoteSwiftPackageReference;
			repositoryURL = "https://github.com/kean/Nuke.git";
			requirement = {
				kind = upToNextMajorVersion;
				minimumVersion = 12.1.6;
			};
		};
		1B258BA82AB5F6A9001F45A1 /* XCRemoteSwiftPackageReference "firebase-ios-sdk" */ = {
			isa = XCRemoteSwiftPackageReference;
			repositoryURL = "https://github.com/firebase/firebase-ios-sdk.git";
			requirement = {
				kind = upToNextMajorVersion;
				minimumVersion = 10.15.0;
			};
		};
/* End XCRemoteSwiftPackageReference section */

/* Begin XCSwiftPackageProductDependency section */
		1B13F5282A697B6F0006F3F0 /* SwiftLintPlugin */ = {
			isa = XCSwiftPackageProductDependency;
			package = 1B13F5252A697ADA0006F3F0 /* XCRemoteSwiftPackageReference "SwiftLint" */;
			productName = "plugin:SwiftLintPlugin";
		};
		1B258B9D2AB5F526001F45A1 /* Alamofire */ = {
			isa = XCSwiftPackageProductDependency;
			package = 1B258B9C2AB5F526001F45A1 /* XCRemoteSwiftPackageReference "Alamofire" */;
			productName = Alamofire;
		};
		1B258BA02AB5F5ED001F45A1 /* Nuke */ = {
			isa = XCSwiftPackageProductDependency;
			package = 1B258B9F2AB5F5ED001F45A1 /* XCRemoteSwiftPackageReference "Nuke" */;
			productName = Nuke;
		};
		1B258BA22AB5F5ED001F45A1 /* NukeExtensions */ = {
			isa = XCSwiftPackageProductDependency;
			package = 1B258B9F2AB5F5ED001F45A1 /* XCRemoteSwiftPackageReference "Nuke" */;
			productName = NukeExtensions;
		};
		1B258BA42AB5F5ED001F45A1 /* NukeUI */ = {
			isa = XCSwiftPackageProductDependency;
			package = 1B258B9F2AB5F5ED001F45A1 /* XCRemoteSwiftPackageReference "Nuke" */;
			productName = NukeUI;
		};
		1B258BA62AB5F5ED001F45A1 /* NukeVideo */ = {
			isa = XCSwiftPackageProductDependency;
			package = 1B258B9F2AB5F5ED001F45A1 /* XCRemoteSwiftPackageReference "Nuke" */;
			productName = NukeVideo;
		};
		1B258BA92AB5F6A9001F45A1 /* FirebaseAnalyticsSwift */ = {
			isa = XCSwiftPackageProductDependency;
			package = 1B258BA82AB5F6A9001F45A1 /* XCRemoteSwiftPackageReference "firebase-ios-sdk" */;
			productName = FirebaseAnalyticsSwift;
		};
		1B258BAB2AB5F6A9001F45A1 /* FirebaseCrashlytics */ = {
			isa = XCSwiftPackageProductDependency;
			package = 1B258BA82AB5F6A9001F45A1 /* XCRemoteSwiftPackageReference "firebase-ios-sdk" */;
			productName = FirebaseCrashlytics;
		};
		1B258BAD2AB5F6A9001F45A1 /* FirebaseMessaging */ = {
			isa = XCSwiftPackageProductDependency;
			package = 1B258BA82AB5F6A9001F45A1 /* XCRemoteSwiftPackageReference "firebase-ios-sdk" */;
			productName = FirebaseMessaging;
		};
		1B258BAF2AB5F6A9001F45A1 /* FirebasePerformance */ = {
			isa = XCSwiftPackageProductDependency;
			package = 1B258BA82AB5F6A9001F45A1 /* XCRemoteSwiftPackageReference "firebase-ios-sdk" */;
			productName = FirebasePerformance;
		};
		1B258BB12AB5F6A9001F45A1 /* FirebaseRemoteConfigSwift */ = {
			isa = XCSwiftPackageProductDependency;
			package = 1B258BA82AB5F6A9001F45A1 /* XCRemoteSwiftPackageReference "firebase-ios-sdk" */;
			productName = FirebaseRemoteConfigSwift;
		};
/* End XCSwiftPackageProductDependency section */
	};
	rootObject = 1B13F4DB2A6975D60006F3F0 /* Project object */;
}
